Microsoft Visual Studio Solution File, Format Version 12.00
# Visual Studio Version 17
VisualStudioVersion = 17.12.35309.182
MinimumVisualStudioVersion = 10.0.40219.1
Project("{2150E333-8FDC-42A3-9474-1A3956D46DE8}") = "libs", "libs", "{699D8A8D-0240-4FFA-838D-F2F4565E0654}"
EndProject
Project("{2150E333-8FDC-42A3-9474-1A3956D46DE8}") = "game", "game", "{0D04860E-B7C5-44AE-A748-9A875169AA35}"
EndProject
Project("{8BC9CEB8-8B4A-11D0-8D11-00A0C91BC942}") = "choreo", "src\libs\choreo\choreo.vcxproj", "{DAF6B0DE-E050-453E-AB92-9CF3405E4A11}"
EndProject
Project("{8BC9CEB8-8B4A-11D0-8D11-00A0C91BC942}") = "poser", "src\libs\poser\poser.vcxproj", "{51C3AAA8-31AF-4733-9E89-74C711162E31}"
EndProject
Project("{8BC9CEB8-8B4A-11D0-8D11-00A0C91BC942}") = "Pure3D", "src\libs\pure3d\Pure3D.vcxproj", "{67904E19-DE3B-4707-8F96-13AA64DBF58A}"
EndProject
Project("{8BC9CEB8-8B4A-11D0-8D11-00A0C91BC942}") = "radcontent", "src\libs\radcontent\radcontent.vcxproj", "{B5C1C3A8-11BC-4D82-A7EB-A85B22DB74EA}"
EndProject
Project("{2150E333-8FDC-42A3-9474-1A3956D46DE8}") = "rad", "rad", "{480B0BF9-11CF-42B3-B53E-DDE6D23EFDC6}"
EndProject
Project("{8BC9CEB8-8B4A-11D0-8D11-00A0C91BC942}") = "radcore", "src\libs\radcore\radcore.vcxproj", "{3772A735-0353-433A-A8A2-EB45C84F9139}"
EndProject
Project("{8BC9CEB8-8B4A-11D0-8D11-00A0C91BC942}") = "radmath", "src\libs\radmath\radmath.vcxproj", "{906E914F-EB63-4B12-9F07-00A727472080}"
EndProject
Project("{8BC9CEB8-8B4A-11D0-8D11-00A0C91BC942}") = "radmovie", "src\libs\radmovie\radmovie.vcxproj", "{DFAABD95-D93E-4ADE-85ED-E75989E95419}"
EndProject
Project("{8BC9CEB8-8B4A-11D0-8D11-00A0C91BC942}") = "radmusic", "src\libs\radmusic\radmusic.vcxproj", "{FD6569BA-9760-436F-8A03-6570BC25F2E4}"
EndProject
Project("{8BC9CEB8-8B4A-11D0-8D11-00A0C91BC942}") = "radscript", "src\libs\radscript\radscript.vcxproj", "{E5114613-E9F3-42F5-BBD7-2C6606A36BE2}"
EndProject
Project("{8BC9CEB8-8B4A-11D0-8D11-00A0C91BC942}") = "radsound", "src\libs\radsound\radsound.vcxproj", "{274D5705-B0A2-4629-8BCF-03ED96A7C9D0}"
EndProject
Project("{8BC9CEB8-8B4A-11D0-8D11-00A0C91BC942}") = "ScroobyLib", "src\libs\scrooby\ScroobyLib.vcxproj", "{60778B7D-0909-46D2-896F-8805097224A3}"
EndProject
Project("{8BC9CEB8-8B4A-11D0-8D11-00A0C91BC942}") = "sim", "src\libs\sim\sim.vcxproj", "{9DCF328B-47FD-4E70-8617-2256EF09FF62}"
EndProject
Project("{2150E333-8FDC-42A3-9474-1A3956D46DE8}") = "Static Files", "Static Files", "{A2CAF4F9-FA97-4AFA-BDC3-30FBCB3ED4BB}"
	ProjectSection(SolutionItems) = preProject
		.gitignore = .gitignore
		README.md = README.md
		TODO.md = TODO.md
		vcpkg-configuration.json = vcpkg-configuration.json
		vcpkg.json = vcpkg.json
	EndProjectSection
EndProject
Project("{8BC9CEB8-8B4A-11D0-8D11-00A0C91BC942}") = "SRR2", "src\srr2\SRR2.vcxproj", "{4759F797-EA05-4642-832A-A8BB580C577B}"
EndProject
Project("{8BC9CEB8-8B4A-11D0-8D11-00A0C91BC942}") = "SRR2_UWP", "src\srr2_uwp\srr2_uwp.vcxproj", "{B4A295E7-D249-4F0E-AADC-C009693CF0C5}"
EndProject
Global
	GlobalSection(SolutionConfigurationPlatforms) = preSolution
		DebugUwp|x64 = DebugUwp|x64
		DebugUwp|x86 = DebugUwp|x86
		DebugWindows|x64 = DebugWindows|x64
		DebugWindows|x86 = DebugWindows|x86
		ReleaseUwp|x64 = ReleaseUwp|x64
		ReleaseUwp|x86 = ReleaseUwp|x86
		ReleaseWindows|x64 = ReleaseWindows|x64
		ReleaseWindows|x86 = ReleaseWindows|x86
		TuneUwp|x64 = TuneUwp|x64
		TuneUwp|x86 = TuneUwp|x86
		TuneWindows|x64 = TuneWindows|x64
		TuneWindows|x86 = TuneWindows|x86
	EndGlobalSection
	GlobalSection(ProjectConfigurationPlatforms) = postSolution
		{DAF6B0DE-E050-453E-AB92-9CF3405E4A11}.DebugUwp|x64.ActiveCfg = DebugUwp|x64
		{DAF6B0DE-E050-453E-AB92-9CF3405E4A11}.DebugUwp|x64.Build.0 = DebugUwp|x64
		{DAF6B0DE-E050-453E-AB92-9CF3405E4A11}.DebugUwp|x86.ActiveCfg = DebugUwp|Win32
		{DAF6B0DE-E050-453E-AB92-9CF3405E4A11}.DebugUwp|x86.Build.0 = DebugUwp|Win32
		{DAF6B0DE-E050-453E-AB92-9CF3405E4A11}.DebugWindows|x64.ActiveCfg = DebugWindows|x64
		{DAF6B0DE-E050-453E-AB92-9CF3405E4A11}.DebugWindows|x64.Build.0 = DebugWindows|x64
		{DAF6B0DE-E050-453E-AB92-9CF3405E4A11}.DebugWindows|x86.ActiveCfg = DebugWindows|Win32
		{DAF6B0DE-E050-453E-AB92-9CF3405E4A11}.DebugWindows|x86.Build.0 = DebugWindows|Win32
		{DAF6B0DE-E050-453E-AB92-9CF3405E4A11}.ReleaseUwp|x64.ActiveCfg = ReleaseUwp|x64
		{DAF6B0DE-E050-453E-AB92-9CF3405E4A11}.ReleaseUwp|x64.Build.0 = ReleaseUwp|x64
		{DAF6B0DE-E050-453E-AB92-9CF3405E4A11}.ReleaseUwp|x86.ActiveCfg = ReleaseUwp|Win32
		{DAF6B0DE-E050-453E-AB92-9CF3405E4A11}.ReleaseUwp|x86.Build.0 = ReleaseUwp|Win32
		{DAF6B0DE-E050-453E-AB92-9CF3405E4A11}.ReleaseWindows|x64.ActiveCfg = ReleaseWindows|x64
		{DAF6B0DE-E050-453E-AB92-9CF3405E4A11}.ReleaseWindows|x64.Build.0 = ReleaseWindows|x64
		{DAF6B0DE-E050-453E-AB92-9CF3405E4A11}.ReleaseWindows|x86.ActiveCfg = ReleaseWindows|Win32
		{DAF6B0DE-E050-453E-AB92-9CF3405E4A11}.ReleaseWindows|x86.Build.0 = ReleaseWindows|Win32
		{DAF6B0DE-E050-453E-AB92-9CF3405E4A11}.TuneUwp|x64.ActiveCfg = TuneUwp|x64
		{DAF6B0DE-E050-453E-AB92-9CF3405E4A11}.TuneUwp|x64.Build.0 = TuneUwp|x64
		{DAF6B0DE-E050-453E-AB92-9CF3405E4A11}.TuneUwp|x86.ActiveCfg = TuneUwp|Win32
		{DAF6B0DE-E050-453E-AB92-9CF3405E4A11}.TuneUwp|x86.Build.0 = TuneUwp|Win32
		{DAF6B0DE-E050-453E-AB92-9CF3405E4A11}.TuneWindows|x64.ActiveCfg = TuneWindows|x64
		{DAF6B0DE-E050-453E-AB92-9CF3405E4A11}.TuneWindows|x64.Build.0 = TuneWindows|x64
		{DAF6B0DE-E050-453E-AB92-9CF3405E4A11}.TuneWindows|x86.ActiveCfg = TuneWindows|Win32
		{DAF6B0DE-E050-453E-AB92-9CF3405E4A11}.TuneWindows|x86.Build.0 = TuneWindows|Win32
		{51C3AAA8-31AF-4733-9E89-74C711162E31}.DebugUwp|x64.ActiveCfg = DebugUwp|x64
		{51C3AAA8-31AF-4733-9E89-74C711162E31}.DebugUwp|x64.Build.0 = DebugUwp|x64
		{51C3AAA8-31AF-4733-9E89-74C711162E31}.DebugUwp|x86.ActiveCfg = DebugUwp|Win32
		{51C3AAA8-31AF-4733-9E89-74C711162E31}.DebugUwp|x86.Build.0 = DebugUwp|Win32
		{51C3AAA8-31AF-4733-9E89-74C711162E31}.DebugWindows|x64.ActiveCfg = DebugWindows|x64
		{51C3AAA8-31AF-4733-9E89-74C711162E31}.DebugWindows|x64.Build.0 = DebugWindows|x64
		{51C3AAA8-31AF-4733-9E89-74C711162E31}.DebugWindows|x86.ActiveCfg = DebugWindows|Win32
		{51C3AAA8-31AF-4733-9E89-74C711162E31}.DebugWindows|x86.Build.0 = DebugWindows|Win32
		{51C3AAA8-31AF-4733-9E89-74C711162E31}.ReleaseUwp|x64.ActiveCfg = ReleaseUwp|x64
		{51C3AAA8-31AF-4733-9E89-74C711162E31}.ReleaseUwp|x64.Build.0 = ReleaseUwp|x64
		{51C3AAA8-31AF-4733-9E89-74C711162E31}.ReleaseUwp|x86.ActiveCfg = ReleaseUwp|Win32
		{51C3AAA8-31AF-4733-9E89-74C711162E31}.ReleaseUwp|x86.Build.0 = ReleaseUwp|Win32
		{51C3AAA8-31AF-4733-9E89-74C711162E31}.ReleaseWindows|x64.ActiveCfg = ReleaseWindows|x64
		{51C3AAA8-31AF-4733-9E89-74C711162E31}.ReleaseWindows|x64.Build.0 = ReleaseWindows|x64
		{51C3AAA8-31AF-4733-9E89-74C711162E31}.ReleaseWindows|x86.ActiveCfg = ReleaseWindows|Win32
		{51C3AAA8-31AF-4733-9E89-74C711162E31}.ReleaseWindows|x86.Build.0 = ReleaseWindows|Win32
		{51C3AAA8-31AF-4733-9E89-74C711162E31}.TuneUwp|x64.ActiveCfg = TuneUwp|x64
		{51C3AAA8-31AF-4733-9E89-74C711162E31}.TuneUwp|x64.Build.0 = TuneUwp|x64
		{51C3AAA8-31AF-4733-9E89-74C711162E31}.TuneUwp|x86.ActiveCfg = TuneUwp|Win32
		{51C3AAA8-31AF-4733-9E89-74C711162E31}.TuneUwp|x86.Build.0 = TuneUwp|Win32
		{51C3AAA8-31AF-4733-9E89-74C711162E31}.TuneWindows|x64.ActiveCfg = TuneWindows|x64
		{51C3AAA8-31AF-4733-9E89-74C711162E31}.TuneWindows|x64.Build.0 = TuneWindows|x64
		{51C3AAA8-31AF-4733-9E89-74C711162E31}.TuneWindows|x86.ActiveCfg = TuneWindows|Win32
		{51C3AAA8-31AF-4733-9E89-74C711162E31}.TuneWindows|x86.Build.0 = TuneWindows|Win32
		{67904E19-DE3B-4707-8F96-13AA64DBF58A}.DebugUwp|x64.ActiveCfg = DebugUwp|x64
		{67904E19-DE3B-4707-8F96-13AA64DBF58A}.DebugUwp|x64.Build.0 = DebugUwp|x64
		{67904E19-DE3B-4707-8F96-13AA64DBF58A}.DebugUwp|x86.ActiveCfg = DebugUwp|Win32
		{67904E19-DE3B-4707-8F96-13AA64DBF58A}.DebugUwp|x86.Build.0 = DebugUwp|Win32
		{67904E19-DE3B-4707-8F96-13AA64DBF58A}.DebugWindows|x64.ActiveCfg = DebugWindows|x64
		{67904E19-DE3B-4707-8F96-13AA64DBF58A}.DebugWindows|x64.Build.0 = DebugWindows|x64
		{67904E19-DE3B-4707-8F96-13AA64DBF58A}.DebugWindows|x86.ActiveCfg = DebugWindows|Win32
		{67904E19-DE3B-4707-8F96-13AA64DBF58A}.DebugWindows|x86.Build.0 = DebugWindows|Win32
		{67904E19-DE3B-4707-8F96-13AA64DBF58A}.ReleaseUwp|x64.ActiveCfg = ReleaseUwp|x64
		{67904E19-DE3B-4707-8F96-13AA64DBF58A}.ReleaseUwp|x64.Build.0 = ReleaseUwp|x64
		{67904E19-DE3B-4707-8F96-13AA64DBF58A}.ReleaseUwp|x86.ActiveCfg = ReleaseUwp|Win32
		{67904E19-DE3B-4707-8F96-13AA64DBF58A}.ReleaseUwp|x86.Build.0 = ReleaseUwp|Win32
		{67904E19-DE3B-4707-8F96-13AA64DBF58A}.ReleaseWindows|x64.ActiveCfg = ReleaseWindows|x64
		{67904E19-DE3B-4707-8F96-13AA64DBF58A}.ReleaseWindows|x64.Build.0 = ReleaseWindows|x64
		{67904E19-DE3B-4707-8F96-13AA64DBF58A}.ReleaseWindows|x86.ActiveCfg = ReleaseWindows|Win32
		{67904E19-DE3B-4707-8F96-13AA64DBF58A}.ReleaseWindows|x86.Build.0 = ReleaseWindows|Win32
		{67904E19-DE3B-4707-8F96-13AA64DBF58A}.TuneUwp|x64.ActiveCfg = TuneUwp|x64
		{67904E19-DE3B-4707-8F96-13AA64DBF58A}.TuneUwp|x64.Build.0 = TuneUwp|x64
		{67904E19-DE3B-4707-8F96-13AA64DBF58A}.TuneUwp|x86.ActiveCfg = TuneUwp|Win32
		{67904E19-DE3B-4707-8F96-13AA64DBF58A}.TuneUwp|x86.Build.0 = TuneUwp|Win32
		{67904E19-DE3B-4707-8F96-13AA64DBF58A}.TuneWindows|x64.ActiveCfg = TuneWindows|x64
		{67904E19-DE3B-4707-8F96-13AA64DBF58A}.TuneWindows|x64.Build.0 = TuneWindows|x64
		{67904E19-DE3B-4707-8F96-13AA64DBF58A}.TuneWindows|x86.ActiveCfg = TuneWindows|Win32
		{67904E19-DE3B-4707-8F96-13AA64DBF58A}.TuneWindows|x86.Build.0 = TuneWindows|Win32
		{B5C1C3A8-11BC-4D82-A7EB-A85B22DB74EA}.DebugUwp|x64.ActiveCfg = DebugUwp|x64
		{B5C1C3A8-11BC-4D82-A7EB-A85B22DB74EA}.DebugUwp|x64.Build.0 = DebugUwp|x64
		{B5C1C3A8-11BC-4D82-A7EB-A85B22DB74EA}.DebugUwp|x86.ActiveCfg = DebugUwp|Win32
		{B5C1C3A8-11BC-4D82-A7EB-A85B22DB74EA}.DebugUwp|x86.Build.0 = DebugUwp|Win32
		{B5C1C3A8-11BC-4D82-A7EB-A85B22DB74EA}.DebugWindows|x64.ActiveCfg = DebugWindows|x64
		{B5C1C3A8-11BC-4D82-A7EB-A85B22DB74EA}.DebugWindows|x64.Build.0 = DebugWindows|x64
		{B5C1C3A8-11BC-4D82-A7EB-A85B22DB74EA}.DebugWindows|x86.ActiveCfg = DebugWindows|Win32
		{B5C1C3A8-11BC-4D82-A7EB-A85B22DB74EA}.DebugWindows|x86.Build.0 = DebugWindows|Win32
		{B5C1C3A8-11BC-4D82-A7EB-A85B22DB74EA}.ReleaseUwp|x64.ActiveCfg = ReleaseUwp|x64
		{B5C1C3A8-11BC-4D82-A7EB-A85B22DB74EA}.ReleaseUwp|x64.Build.0 = ReleaseUwp|x64
		{B5C1C3A8-11BC-4D82-A7EB-A85B22DB74EA}.ReleaseUwp|x86.ActiveCfg = ReleaseUwp|Win32
		{B5C1C3A8-11BC-4D82-A7EB-A85B22DB74EA}.ReleaseUwp|x86.Build.0 = ReleaseUwp|Win32
		{B5C1C3A8-11BC-4D82-A7EB-A85B22DB74EA}.ReleaseWindows|x64.ActiveCfg = ReleaseWindows|x64
		{B5C1C3A8-11BC-4D82-A7EB-A85B22DB74EA}.ReleaseWindows|x64.Build.0 = ReleaseWindows|x64
		{B5C1C3A8-11BC-4D82-A7EB-A85B22DB74EA}.ReleaseWindows|x86.ActiveCfg = ReleaseWindows|Win32
		{B5C1C3A8-11BC-4D82-A7EB-A85B22DB74EA}.ReleaseWindows|x86.Build.0 = ReleaseWindows|Win32
		{B5C1C3A8-11BC-4D82-A7EB-A85B22DB74EA}.TuneUwp|x64.ActiveCfg = TuneUwp|x64
		{B5C1C3A8-11BC-4D82-A7EB-A85B22DB74EA}.TuneUwp|x64.Build.0 = TuneUwp|x64
		{B5C1C3A8-11BC-4D82-A7EB-A85B22DB74EA}.TuneUwp|x86.ActiveCfg = TuneUwp|Win32
		{B5C1C3A8-11BC-4D82-A7EB-A85B22DB74EA}.TuneUwp|x86.Build.0 = TuneUwp|Win32
		{B5C1C3A8-11BC-4D82-A7EB-A85B22DB74EA}.TuneWindows|x64.ActiveCfg = TuneWindows|x64
		{B5C1C3A8-11BC-4D82-A7EB-A85B22DB74EA}.TuneWindows|x64.Build.0 = TuneWindows|x64
		{B5C1C3A8-11BC-4D82-A7EB-A85B22DB74EA}.TuneWindows|x86.ActiveCfg = TuneWindows|Win32
		{B5C1C3A8-11BC-4D82-A7EB-A85B22DB74EA}.TuneWindows|x86.Build.0 = TuneWindows|Win32
		{3772A735-0353-433A-A8A2-EB45C84F9139}.DebugUwp|x64.ActiveCfg = DebugUwp|x64
		{3772A735-0353-433A-A8A2-EB45C84F9139}.DebugUwp|x64.Build.0 = DebugUwp|x64
		{3772A735-0353-433A-A8A2-EB45C84F9139}.DebugUwp|x86.ActiveCfg = DebugUwp|Win32
		{3772A735-0353-433A-A8A2-EB45C84F9139}.DebugUwp|x86.Build.0 = DebugUwp|Win32
		{3772A735-0353-433A-A8A2-EB45C84F9139}.DebugWindows|x64.ActiveCfg = DebugWindows|x64
		{3772A735-0353-433A-A8A2-EB45C84F9139}.DebugWindows|x64.Build.0 = DebugWindows|x64
		{3772A735-0353-433A-A8A2-EB45C84F9139}.DebugWindows|x86.ActiveCfg = DebugWindows|Win32
		{3772A735-0353-433A-A8A2-EB45C84F9139}.DebugWindows|x86.Build.0 = DebugWindows|Win32
		{3772A735-0353-433A-A8A2-EB45C84F9139}.ReleaseUwp|x64.ActiveCfg = ReleaseUwp|x64
		{3772A735-0353-433A-A8A2-EB45C84F9139}.ReleaseUwp|x64.Build.0 = ReleaseUwp|x64
		{3772A735-0353-433A-A8A2-EB45C84F9139}.ReleaseUwp|x86.ActiveCfg = ReleaseUwp|Win32
		{3772A735-0353-433A-A8A2-EB45C84F9139}.ReleaseUwp|x86.Build.0 = ReleaseUwp|Win32
		{3772A735-0353-433A-A8A2-EB45C84F9139}.ReleaseWindows|x64.ActiveCfg = ReleaseWindows|x64
		{3772A735-0353-433A-A8A2-EB45C84F9139}.ReleaseWindows|x64.Build.0 = ReleaseWindows|x64
		{3772A735-0353-433A-A8A2-EB45C84F9139}.ReleaseWindows|x86.ActiveCfg = ReleaseWindows|Win32
		{3772A735-0353-433A-A8A2-EB45C84F9139}.ReleaseWindows|x86.Build.0 = ReleaseWindows|Win32
		{3772A735-0353-433A-A8A2-EB45C84F9139}.TuneUwp|x64.ActiveCfg = TuneUwp|x64
		{3772A735-0353-433A-A8A2-EB45C84F9139}.TuneUwp|x64.Build.0 = TuneUwp|x64
		{3772A735-0353-433A-A8A2-EB45C84F9139}.TuneUwp|x86.ActiveCfg = TuneUwp|Win32
		{3772A735-0353-433A-A8A2-EB45C84F9139}.TuneUwp|x86.Build.0 = TuneUwp|Win32
		{3772A735-0353-433A-A8A2-EB45C84F9139}.TuneWindows|x64.ActiveCfg = TuneWindows|x64
		{3772A735-0353-433A-A8A2-EB45C84F9139}.TuneWindows|x64.Build.0 = TuneWindows|x64
		{3772A735-0353-433A-A8A2-EB45C84F9139}.TuneWindows|x86.ActiveCfg = TuneWindows|Win32
		{3772A735-0353-433A-A8A2-EB45C84F9139}.TuneWindows|x86.Build.0 = TuneWindows|Win32
		{906E914F-EB63-4B12-9F07-00A727472080}.DebugUwp|x64.ActiveCfg = DebugUwp|x64
		{906E914F-EB63-4B12-9F07-00A727472080}.DebugUwp|x64.Build.0 = DebugUwp|x64
		{906E914F-EB63-4B12-9F07-00A727472080}.DebugUwp|x86.ActiveCfg = DebugUwp|Win32
		{906E914F-EB63-4B12-9F07-00A727472080}.DebugUwp|x86.Build.0 = DebugUwp|Win32
		{906E914F-EB63-4B12-9F07-00A727472080}.DebugWindows|x64.ActiveCfg = DebugWindows|x64
		{906E914F-EB63-4B12-9F07-00A727472080}.DebugWindows|x64.Build.0 = DebugWindows|x64
		{906E914F-EB63-4B12-9F07-00A727472080}.DebugWindows|x86.ActiveCfg = DebugWindows|Win32
		{906E914F-EB63-4B12-9F07-00A727472080}.DebugWindows|x86.Build.0 = DebugWindows|Win32
		{906E914F-EB63-4B12-9F07-00A727472080}.ReleaseUwp|x64.ActiveCfg = ReleaseUwp|x64
		{906E914F-EB63-4B12-9F07-00A727472080}.ReleaseUwp|x64.Build.0 = ReleaseUwp|x64
		{906E914F-EB63-4B12-9F07-00A727472080}.ReleaseUwp|x86.ActiveCfg = ReleaseUwp|Win32
		{906E914F-EB63-4B12-9F07-00A727472080}.ReleaseUwp|x86.Build.0 = ReleaseUwp|Win32
		{906E914F-EB63-4B12-9F07-00A727472080}.ReleaseWindows|x64.ActiveCfg = ReleaseWindows|x64
		{906E914F-EB63-4B12-9F07-00A727472080}.ReleaseWindows|x64.Build.0 = ReleaseWindows|x64
		{906E914F-EB63-4B12-9F07-00A727472080}.ReleaseWindows|x86.ActiveCfg = ReleaseWindows|Win32
		{906E914F-EB63-4B12-9F07-00A727472080}.ReleaseWindows|x86.Build.0 = ReleaseWindows|Win32
		{906E914F-EB63-4B12-9F07-00A727472080}.TuneUwp|x64.ActiveCfg = TuneUwp|x64
		{906E914F-EB63-4B12-9F07-00A727472080}.TuneUwp|x64.Build.0 = TuneUwp|x64
		{906E914F-EB63-4B12-9F07-00A727472080}.TuneUwp|x86.ActiveCfg = TuneUwp|Win32
		{906E914F-EB63-4B12-9F07-00A727472080}.TuneUwp|x86.Build.0 = TuneUwp|Win32
		{906E914F-EB63-4B12-9F07-00A727472080}.TuneWindows|x64.ActiveCfg = TuneWindows|x64
		{906E914F-EB63-4B12-9F07-00A727472080}.TuneWindows|x64.Build.0 = TuneWindows|x64
		{906E914F-EB63-4B12-9F07-00A727472080}.TuneWindows|x86.ActiveCfg = TuneWindows|Win32
		{906E914F-EB63-4B12-9F07-00A727472080}.TuneWindows|x86.Build.0 = TuneWindows|Win32
		{DFAABD95-D93E-4ADE-85ED-E75989E95419}.DebugUwp|x64.ActiveCfg = DebugUwp|x64
		{DFAABD95-D93E-4ADE-85ED-E75989E95419}.DebugUwp|x64.Build.0 = DebugUwp|x64
		{DFAABD95-D93E-4ADE-85ED-E75989E95419}.DebugUwp|x86.ActiveCfg = DebugUwp|Win32
		{DFAABD95-D93E-4ADE-85ED-E75989E95419}.DebugUwp|x86.Build.0 = DebugUwp|Win32
		{DFAABD95-D93E-4ADE-85ED-E75989E95419}.DebugWindows|x64.ActiveCfg = DebugWindows|x64
		{DFAABD95-D93E-4ADE-85ED-E75989E95419}.DebugWindows|x64.Build.0 = DebugWindows|x64
		{DFAABD95-D93E-4ADE-85ED-E75989E95419}.DebugWindows|x86.ActiveCfg = DebugWindows|Win32
		{DFAABD95-D93E-4ADE-85ED-E75989E95419}.DebugWindows|x86.Build.0 = DebugWindows|Win32
		{DFAABD95-D93E-4ADE-85ED-E75989E95419}.ReleaseUwp|x64.ActiveCfg = ReleaseUwp|x64
		{DFAABD95-D93E-4ADE-85ED-E75989E95419}.ReleaseUwp|x64.Build.0 = ReleaseUwp|x64
		{DFAABD95-D93E-4ADE-85ED-E75989E95419}.ReleaseUwp|x86.ActiveCfg = ReleaseUwp|Win32
		{DFAABD95-D93E-4ADE-85ED-E75989E95419}.ReleaseUwp|x86.Build.0 = ReleaseUwp|Win32
		{DFAABD95-D93E-4ADE-85ED-E75989E95419}.ReleaseWindows|x64.ActiveCfg = ReleaseWindows|x64
		{DFAABD95-D93E-4ADE-85ED-E75989E95419}.ReleaseWindows|x64.Build.0 = ReleaseWindows|x64
		{DFAABD95-D93E-4ADE-85ED-E75989E95419}.ReleaseWindows|x86.ActiveCfg = ReleaseWindows|Win32
		{DFAABD95-D93E-4ADE-85ED-E75989E95419}.ReleaseWindows|x86.Build.0 = ReleaseWindows|Win32
		{DFAABD95-D93E-4ADE-85ED-E75989E95419}.TuneUwp|x64.ActiveCfg = TuneUwp|x64
		{DFAABD95-D93E-4ADE-85ED-E75989E95419}.TuneUwp|x64.Build.0 = TuneUwp|x64
		{DFAABD95-D93E-4ADE-85ED-E75989E95419}.TuneUwp|x86.ActiveCfg = TuneUwp|Win32
		{DFAABD95-D93E-4ADE-85ED-E75989E95419}.TuneUwp|x86.Build.0 = TuneUwp|Win32
		{DFAABD95-D93E-4ADE-85ED-E75989E95419}.TuneWindows|x64.ActiveCfg = TuneWindows|x64
		{DFAABD95-D93E-4ADE-85ED-E75989E95419}.TuneWindows|x64.Build.0 = TuneWindows|x64
		{DFAABD95-D93E-4ADE-85ED-E75989E95419}.TuneWindows|x86.ActiveCfg = TuneWindows|Win32
		{DFAABD95-D93E-4ADE-85ED-E75989E95419}.TuneWindows|x86.Build.0 = TuneWindows|Win32
		{FD6569BA-9760-436F-8A03-6570BC25F2E4}.DebugUwp|x64.ActiveCfg = DebugUwp|x64
		{FD6569BA-9760-436F-8A03-6570BC25F2E4}.DebugUwp|x64.Build.0 = DebugUwp|x64
		{FD6569BA-9760-436F-8A03-6570BC25F2E4}.DebugUwp|x86.ActiveCfg = DebugUwp|Win32
		{FD6569BA-9760-436F-8A03-6570BC25F2E4}.DebugUwp|x86.Build.0 = DebugUwp|Win32
		{FD6569BA-9760-436F-8A03-6570BC25F2E4}.DebugWindows|x64.ActiveCfg = DebugWindows|x64
		{FD6569BA-9760-436F-8A03-6570BC25F2E4}.DebugWindows|x64.Build.0 = DebugWindows|x64
		{FD6569BA-9760-436F-8A03-6570BC25F2E4}.DebugWindows|x86.ActiveCfg = DebugWindows|Win32
		{FD6569BA-9760-436F-8A03-6570BC25F2E4}.DebugWindows|x86.Build.0 = DebugWindows|Win32
		{FD6569BA-9760-436F-8A03-6570BC25F2E4}.ReleaseUwp|x64.ActiveCfg = ReleaseUwp|x64
		{FD6569BA-9760-436F-8A03-6570BC25F2E4}.ReleaseUwp|x64.Build.0 = ReleaseUwp|x64
		{FD6569BA-9760-436F-8A03-6570BC25F2E4}.ReleaseUwp|x86.ActiveCfg = ReleaseUwp|Win32
		{FD6569BA-9760-436F-8A03-6570BC25F2E4}.ReleaseUwp|x86.Build.0 = ReleaseUwp|Win32
		{FD6569BA-9760-436F-8A03-6570BC25F2E4}.ReleaseWindows|x64.ActiveCfg = ReleaseWindows|x64
		{FD6569BA-9760-436F-8A03-6570BC25F2E4}.ReleaseWindows|x64.Build.0 = ReleaseWindows|x64
		{FD6569BA-9760-436F-8A03-6570BC25F2E4}.ReleaseWindows|x86.ActiveCfg = ReleaseWindows|Win32
		{FD6569BA-9760-436F-8A03-6570BC25F2E4}.ReleaseWindows|x86.Build.0 = ReleaseWindows|Win32
		{FD6569BA-9760-436F-8A03-6570BC25F2E4}.TuneUwp|x64.ActiveCfg = TuneUwp|x64
		{FD6569BA-9760-436F-8A03-6570BC25F2E4}.TuneUwp|x64.Build.0 = TuneUwp|x64
		{FD6569BA-9760-436F-8A03-6570BC25F2E4}.TuneUwp|x86.ActiveCfg = TuneUwp|Win32
		{FD6569BA-9760-436F-8A03-6570BC25F2E4}.TuneUwp|x86.Build.0 = TuneUwp|Win32
		{FD6569BA-9760-436F-8A03-6570BC25F2E4}.TuneWindows|x64.ActiveCfg = TuneWindows|x64
		{FD6569BA-9760-436F-8A03-6570BC25F2E4}.TuneWindows|x64.Build.0 = TuneWindows|x64
		{FD6569BA-9760-436F-8A03-6570BC25F2E4}.TuneWindows|x86.ActiveCfg = TuneWindows|Win32
		{FD6569BA-9760-436F-8A03-6570BC25F2E4}.TuneWindows|x86.Build.0 = TuneWindows|Win32
		{E5114613-E9F3-42F5-BBD7-2C6606A36BE2}.DebugUwp|x64.ActiveCfg = DebugUwp|x64
		{E5114613-E9F3-42F5-BBD7-2C6606A36BE2}.DebugUwp|x64.Build.0 = DebugUwp|x64
		{E5114613-E9F3-42F5-BBD7-2C6606A36BE2}.DebugUwp|x86.ActiveCfg = DebugUwp|Win32
		{E5114613-E9F3-42F5-BBD7-2C6606A36BE2}.DebugUwp|x86.Build.0 = DebugUwp|Win32
		{E5114613-E9F3-42F5-BBD7-2C6606A36BE2}.DebugWindows|x64.ActiveCfg = DebugWindows|x64
		{E5114613-E9F3-42F5-BBD7-2C6606A36BE2}.DebugWindows|x64.Build.0 = DebugWindows|x64
		{E5114613-E9F3-42F5-BBD7-2C6606A36BE2}.DebugWindows|x86.ActiveCfg = DebugWindows|Win32
		{E5114613-E9F3-42F5-BBD7-2C6606A36BE2}.DebugWindows|x86.Build.0 = DebugWindows|Win32
		{E5114613-E9F3-42F5-BBD7-2C6606A36BE2}.ReleaseUwp|x64.ActiveCfg = ReleaseUwp|x64
		{E5114613-E9F3-42F5-BBD7-2C6606A36BE2}.ReleaseUwp|x64.Build.0 = ReleaseUwp|x64
		{E5114613-E9F3-42F5-BBD7-2C6606A36BE2}.ReleaseUwp|x86.ActiveCfg = ReleaseUwp|Win32
		{E5114613-E9F3-42F5-BBD7-2C6606A36BE2}.ReleaseUwp|x86.Build.0 = ReleaseUwp|Win32
		{E5114613-E9F3-42F5-BBD7-2C6606A36BE2}.ReleaseWindows|x64.ActiveCfg = ReleaseWindows|x64
		{E5114613-E9F3-42F5-BBD7-2C6606A36BE2}.ReleaseWindows|x64.Build.0 = ReleaseWindows|x64
		{E5114613-E9F3-42F5-BBD7-2C6606A36BE2}.ReleaseWindows|x86.ActiveCfg = ReleaseWindows|Win32
		{E5114613-E9F3-42F5-BBD7-2C6606A36BE2}.ReleaseWindows|x86.Build.0 = ReleaseWindows|Win32
		{E5114613-E9F3-42F5-BBD7-2C6606A36BE2}.TuneUwp|x64.ActiveCfg = TuneUwp|x64
		{E5114613-E9F3-42F5-BBD7-2C6606A36BE2}.TuneUwp|x64.Build.0 = TuneUwp|x64
		{E5114613-E9F3-42F5-BBD7-2C6606A36BE2}.TuneUwp|x86.ActiveCfg = TuneUwp|Win32
		{E5114613-E9F3-42F5-BBD7-2C6606A36BE2}.TuneUwp|x86.Build.0 = TuneUwp|Win32
		{E5114613-E9F3-42F5-BBD7-2C6606A36BE2}.TuneWindows|x64.ActiveCfg = TuneWindows|x64
		{E5114613-E9F3-42F5-BBD7-2C6606A36BE2}.TuneWindows|x64.Build.0 = TuneWindows|x64
		{E5114613-E9F3-42F5-BBD7-2C6606A36BE2}.TuneWindows|x86.ActiveCfg = TuneWindows|Win32
		{E5114613-E9F3-42F5-BBD7-2C6606A36BE2}.TuneWindows|x86.Build.0 = TuneWindows|Win32
		{274D5705-B0A2-4629-8BCF-03ED96A7C9D0}.DebugUwp|x64.ActiveCfg = DebugUwp|x64
		{274D5705-B0A2-4629-8BCF-03ED96A7C9D0}.DebugUwp|x64.Build.0 = DebugUwp|x64
		{274D5705-B0A2-4629-8BCF-03ED96A7C9D0}.DebugUwp|x86.ActiveCfg = DebugUwp|Win32
		{274D5705-B0A2-4629-8BCF-03ED96A7C9D0}.DebugUwp|x86.Build.0 = DebugUwp|Win32
		{274D5705-B0A2-4629-8BCF-03ED96A7C9D0}.DebugWindows|x64.ActiveCfg = DebugWindows|x64
		{274D5705-B0A2-4629-8BCF-03ED96A7C9D0}.DebugWindows|x64.Build.0 = DebugWindows|x64
		{274D5705-B0A2-4629-8BCF-03ED96A7C9D0}.DebugWindows|x86.ActiveCfg = DebugWindows|Win32
		{274D5705-B0A2-4629-8BCF-03ED96A7C9D0}.DebugWindows|x86.Build.0 = DebugWindows|Win32
		{274D5705-B0A2-4629-8BCF-03ED96A7C9D0}.ReleaseUwp|x64.ActiveCfg = ReleaseUwp|x64
		{274D5705-B0A2-4629-8BCF-03ED96A7C9D0}.ReleaseUwp|x64.Build.0 = ReleaseUwp|x64
		{274D5705-B0A2-4629-8BCF-03ED96A7C9D0}.ReleaseUwp|x86.ActiveCfg = ReleaseUwp|Win32
		{274D5705-B0A2-4629-8BCF-03ED96A7C9D0}.ReleaseUwp|x86.Build.0 = ReleaseUwp|Win32
		{274D5705-B0A2-4629-8BCF-03ED96A7C9D0}.ReleaseWindows|x64.ActiveCfg = ReleaseWindows|x64
		{274D5705-B0A2-4629-8BCF-03ED96A7C9D0}.ReleaseWindows|x64.Build.0 = ReleaseWindows|x64
		{274D5705-B0A2-4629-8BCF-03ED96A7C9D0}.ReleaseWindows|x86.ActiveCfg = ReleaseWindows|Win32
		{274D5705-B0A2-4629-8BCF-03ED96A7C9D0}.ReleaseWindows|x86.Build.0 = ReleaseWindows|Win32
		{274D5705-B0A2-4629-8BCF-03ED96A7C9D0}.TuneUwp|x64.ActiveCfg = TuneUwp|x64
		{274D5705-B0A2-4629-8BCF-03ED96A7C9D0}.TuneUwp|x64.Build.0 = TuneUwp|x64
		{274D5705-B0A2-4629-8BCF-03ED96A7C9D0}.TuneUwp|x86.ActiveCfg = TuneUwp|Win32
		{274D5705-B0A2-4629-8BCF-03ED96A7C9D0}.TuneUwp|x86.Build.0 = TuneUwp|Win32
		{274D5705-B0A2-4629-8BCF-03ED96A7C9D0}.TuneWindows|x64.ActiveCfg = TuneWindows|x64
		{274D5705-B0A2-4629-8BCF-03ED96A7C9D0}.TuneWindows|x64.Build.0 = TuneWindows|x64
		{274D5705-B0A2-4629-8BCF-03ED96A7C9D0}.TuneWindows|x86.ActiveCfg = TuneWindows|Win32
		{274D5705-B0A2-4629-8BCF-03ED96A7C9D0}.TuneWindows|x86.Build.0 = TuneWindows|Win32
		{60778B7D-0909-46D2-896F-8805097224A3}.DebugUwp|x64.ActiveCfg = DebugUwp|x64
		{60778B7D-0909-46D2-896F-8805097224A3}.DebugUwp|x64.Build.0 = DebugUwp|x64
		{60778B7D-0909-46D2-896F-8805097224A3}.DebugUwp|x86.ActiveCfg = DebugUwp|Win32
		{60778B7D-0909-46D2-896F-8805097224A3}.DebugUwp|x86.Build.0 = DebugUwp|Win32
		{60778B7D-0909-46D2-896F-8805097224A3}.DebugWindows|x64.ActiveCfg = DebugWindows|x64
		{60778B7D-0909-46D2-896F-8805097224A3}.DebugWindows|x64.Build.0 = DebugWindows|x64
		{60778B7D-0909-46D2-896F-8805097224A3}.DebugWindows|x86.ActiveCfg = DebugWindows|Win32
		{60778B7D-0909-46D2-896F-8805097224A3}.DebugWindows|x86.Build.0 = DebugWindows|Win32
		{60778B7D-0909-46D2-896F-8805097224A3}.ReleaseUwp|x64.ActiveCfg = ReleaseUwp|x64
		{60778B7D-0909-46D2-896F-8805097224A3}.ReleaseUwp|x64.Build.0 = ReleaseUwp|x64
		{60778B7D-0909-46D2-896F-8805097224A3}.ReleaseUwp|x86.ActiveCfg = ReleaseUwp|Win32
		{60778B7D-0909-46D2-896F-8805097224A3}.ReleaseUwp|x86.Build.0 = ReleaseUwp|Win32
		{60778B7D-0909-46D2-896F-8805097224A3}.ReleaseWindows|x64.ActiveCfg = ReleaseWindows|x64
		{60778B7D-0909-46D2-896F-8805097224A3}.ReleaseWindows|x64.Build.0 = ReleaseWindows|x64
		{60778B7D-0909-46D2-896F-8805097224A3}.ReleaseWindows|x86.ActiveCfg = ReleaseWindows|Win32
		{60778B7D-0909-46D2-896F-8805097224A3}.ReleaseWindows|x86.Build.0 = ReleaseWindows|Win32
		{60778B7D-0909-46D2-896F-8805097224A3}.TuneUwp|x64.ActiveCfg = TuneUwp|x64
		{60778B7D-0909-46D2-896F-8805097224A3}.TuneUwp|x64.Build.0 = TuneUwp|x64
		{60778B7D-0909-46D2-896F-8805097224A3}.TuneUwp|x86.ActiveCfg = TuneUwp|Win32
		{60778B7D-0909-46D2-896F-8805097224A3}.TuneUwp|x86.Build.0 = TuneUwp|Win32
		{60778B7D-0909-46D2-896F-8805097224A3}.TuneWindows|x64.ActiveCfg = TuneWindows|x64
		{60778B7D-0909-46D2-896F-8805097224A3}.TuneWindows|x64.Build.0 = TuneWindows|x64
		{60778B7D-0909-46D2-896F-8805097224A3}.TuneWindows|x86.ActiveCfg = TuneWindows|Win32
		{60778B7D-0909-46D2-896F-8805097224A3}.TuneWindows|x86.Build.0 = TuneWindows|Win32
		{9DCF328B-47FD-4E70-8617-2256EF09FF62}.DebugUwp|x64.ActiveCfg = DebugUwp|x64
		{9DCF328B-47FD-4E70-8617-2256EF09FF62}.DebugUwp|x64.Build.0 = DebugUwp|x64
		{9DCF328B-47FD-4E70-8617-2256EF09FF62}.DebugUwp|x86.ActiveCfg = DebugUwp|Win32
		{9DCF328B-47FD-4E70-8617-2256EF09FF62}.DebugUwp|x86.Build.0 = DebugUwp|Win32
		{9DCF328B-47FD-4E70-8617-2256EF09FF62}.DebugWindows|x64.ActiveCfg = DebugWindows|x64
		{9DCF328B-47FD-4E70-8617-2256EF09FF62}.DebugWindows|x64.Build.0 = DebugWindows|x64
		{9DCF328B-47FD-4E70-8617-2256EF09FF62}.DebugWindows|x86.ActiveCfg = DebugWindows|Win32
		{9DCF328B-47FD-4E70-8617-2256EF09FF62}.DebugWindows|x86.Build.0 = DebugWindows|Win32
		{9DCF328B-47FD-4E70-8617-2256EF09FF62}.ReleaseUwp|x64.ActiveCfg = ReleaseUwp|x64
		{9DCF328B-47FD-4E70-8617-2256EF09FF62}.ReleaseUwp|x64.Build.0 = ReleaseUwp|x64
		{9DCF328B-47FD-4E70-8617-2256EF09FF62}.ReleaseUwp|x86.ActiveCfg = ReleaseUwp|Win32
		{9DCF328B-47FD-4E70-8617-2256EF09FF62}.ReleaseUwp|x86.Build.0 = ReleaseUwp|Win32
		{9DCF328B-47FD-4E70-8617-2256EF09FF62}.ReleaseWindows|x64.ActiveCfg = ReleaseWindows|x64
		{9DCF328B-47FD-4E70-8617-2256EF09FF62}.ReleaseWindows|x64.Build.0 = ReleaseWindows|x64
		{9DCF328B-47FD-4E70-8617-2256EF09FF62}.ReleaseWindows|x86.ActiveCfg = ReleaseWindows|Win32
		{9DCF328B-47FD-4E70-8617-2256EF09FF62}.ReleaseWindows|x86.Build.0 = ReleaseWindows|Win32
		{9DCF328B-47FD-4E70-8617-2256EF09FF62}.TuneUwp|x64.ActiveCfg = TuneUwp|x64
		{9DCF328B-47FD-4E70-8617-2256EF09FF62}.TuneUwp|x64.Build.0 = TuneUwp|x64
		{9DCF328B-47FD-4E70-8617-2256EF09FF62}.TuneUwp|x86.ActiveCfg = TuneUwp|Win32
		{9DCF328B-47FD-4E70-8617-2256EF09FF62}.TuneUwp|x86.Build.0 = TuneUwp|Win32
		{9DCF328B-47FD-4E70-8617-2256EF09FF62}.TuneWindows|x64.ActiveCfg = TuneWindows|x64
		{9DCF328B-47FD-4E70-8617-2256EF09FF62}.TuneWindows|x64.Build.0 = TuneWindows|x64
		{9DCF328B-47FD-4E70-8617-2256EF09FF62}.TuneWindows|x86.ActiveCfg = TuneWindows|Win32
		{9DCF328B-47FD-4E70-8617-2256EF09FF62}.TuneWindows|x86.Build.0 = TuneWindows|Win32
		{4759F797-EA05-4642-832A-A8BB580C577B}.DebugUwp|x64.ActiveCfg = DebugWindows|x64
		{4759F797-EA05-4642-832A-A8BB580C577B}.DebugUwp|x86.ActiveCfg = DebugWindows|Win32
		{4759F797-EA05-4642-832A-A8BB580C577B}.DebugWindows|x64.ActiveCfg = DebugWindows|x64
		{4759F797-EA05-4642-832A-A8BB580C577B}.DebugWindows|x64.Build.0 = DebugWindows|x64
		{4759F797-EA05-4642-832A-A8BB580C577B}.DebugWindows|x86.ActiveCfg = DebugWindows|Win32
		{4759F797-EA05-4642-832A-A8BB580C577B}.DebugWindows|x86.Build.0 = DebugWindows|Win32
		{4759F797-EA05-4642-832A-A8BB580C577B}.ReleaseUwp|x64.ActiveCfg = ReleaseWindows|x64
		{4759F797-EA05-4642-832A-A8BB580C577B}.ReleaseUwp|x86.ActiveCfg = ReleaseWindows|Win32
		{4759F797-EA05-4642-832A-A8BB580C577B}.ReleaseWindows|x64.ActiveCfg = ReleaseWindows|x64
		{4759F797-EA05-4642-832A-A8BB580C577B}.ReleaseWindows|x64.Build.0 = ReleaseWindows|x64
		{4759F797-EA05-4642-832A-A8BB580C577B}.ReleaseWindows|x86.ActiveCfg = ReleaseWindows|Win32
		{4759F797-EA05-4642-832A-A8BB580C577B}.ReleaseWindows|x86.Build.0 = ReleaseWindows|Win32
		{4759F797-EA05-4642-832A-A8BB580C577B}.TuneUwp|x64.ActiveCfg = TuneWindows|x64
		{4759F797-EA05-4642-832A-A8BB580C577B}.TuneUwp|x86.ActiveCfg = TuneWindows|Win32
		{4759F797-EA05-4642-832A-A8BB580C577B}.TuneWindows|x64.ActiveCfg = TuneWindows|x64
		{4759F797-EA05-4642-832A-A8BB580C577B}.TuneWindows|x64.Build.0 = TuneWindows|x64
		{4759F797-EA05-4642-832A-A8BB580C577B}.TuneWindows|x86.ActiveCfg = TuneWindows|Win32
		{4759F797-EA05-4642-832A-A8BB580C577B}.TuneWindows|x86.Build.0 = TuneWindows|Win32
		{B4A295E7-D249-4F0E-AADC-C009693CF0C5}.DebugUwp|x64.ActiveCfg = DebugUwp|x64
		{B4A295E7-D249-4F0E-AADC-C009693CF0C5}.DebugUwp|x64.Build.0 = DebugUwp|x64
		{B4A295E7-D249-4F0E-AADC-C009693CF0C5}.DebugUwp|x64.Deploy.0 = DebugUwp|x64
		{B4A295E7-D249-4F0E-AADC-C009693CF0C5}.DebugUwp|x86.ActiveCfg = DebugUwp|x64
		{B4A295E7-D249-4F0E-AADC-C009693CF0C5}.DebugUwp|x86.Build.0 = DebugUwp|x64
		{B4A295E7-D249-4F0E-AADC-C009693CF0C5}.DebugUwp|x86.Deploy.0 = DebugUwp|x64
		{B4A295E7-D249-4F0E-AADC-C009693CF0C5}.DebugWindows|x64.ActiveCfg = DebugWindows|x64
		{B4A295E7-D249-4F0E-AADC-C009693CF0C5}.DebugWindows|x64.Deploy.0 = DebugWindows|x64
		{B4A295E7-D249-4F0E-AADC-C009693CF0C5}.DebugWindows|x86.ActiveCfg = DebugWindows|x64
		{B4A295E7-D249-4F0E-AADC-C009693CF0C5}.ReleaseUwp|x64.ActiveCfg = ReleaseUwp|x64
		{B4A295E7-D249-4F0E-AADC-C009693CF0C5}.ReleaseUwp|x64.Build.0 = ReleaseUwp|x64
		{B4A295E7-D249-4F0E-AADC-C009693CF0C5}.ReleaseUwp|x64.Deploy.0 = ReleaseUwp|x64
		{B4A295E7-D249-4F0E-AADC-C009693CF0C5}.ReleaseUwp|x86.ActiveCfg = ReleaseUwp|x64
		{B4A295E7-D249-4F0E-AADC-C009693CF0C5}.ReleaseUwp|x86.Build.0 = ReleaseUwp|x64
		{B4A295E7-D249-4F0E-AADC-C009693CF0C5}.ReleaseUwp|x86.Deploy.0 = ReleaseUwp|x64
		{B4A295E7-D249-4F0E-AADC-C009693CF0C5}.ReleaseWindows|x64.ActiveCfg = ReleaseUwp|x64
		{B4A295E7-D249-4F0E-AADC-C009693CF0C5}.ReleaseWindows|x86.ActiveCfg = ReleaseWindows|x64
		{B4A295E7-D249-4F0E-AADC-C009693CF0C5}.TuneUwp|x64.ActiveCfg = TuneUwp|x64
		{B4A295E7-D249-4F0E-AADC-C009693CF0C5}.TuneUwp|x64.Build.0 = TuneUwp|x64
		{B4A295E7-D249-4F0E-AADC-C009693CF0C5}.TuneUwp|x64.Deploy.0 = TuneUwp|x64
		{B4A295E7-D249-4F0E-AADC-C009693CF0C5}.TuneUwp|x86.ActiveCfg = TuneUwp|x64
		{B4A295E7-D249-4F0E-AADC-C009693CF0C5}.TuneUwp|x86.Build.0 = TuneUwp|x64
		{B4A295E7-D249-4F0E-AADC-C009693CF0C5}.TuneUwp|x86.Deploy.0 = TuneUwp|x64
		{B4A295E7-D249-4F0E-AADC-C009693CF0C5}.TuneWindows|x64.ActiveCfg = TuneUwp|x64
		{B4A295E7-D249-4F0E-AADC-C009693CF0C5}.TuneWindows|x86.ActiveCfg = ReleaseWindows|x64
	EndGlobalSection
	GlobalSection(SolutionProperties) = preSolution
		HideSolutionNode = FALSE
	EndGlobalSection
	GlobalSection(NestedProjects) = preSolution
		{DAF6B0DE-E050-453E-AB92-9CF3405E4A11} = {699D8A8D-0240-4FFA-838D-F2F4565E0654}
		{51C3AAA8-31AF-4733-9E89-74C711162E31} = {699D8A8D-0240-4FFA-838D-F2F4565E0654}
		{67904E19-DE3B-4707-8F96-13AA64DBF58A} = {699D8A8D-0240-4FFA-838D-F2F4565E0654}
		{B5C1C3A8-11BC-4D82-A7EB-A85B22DB74EA} = {480B0BF9-11CF-42B3-B53E-DDE6D23EFDC6}
		{480B0BF9-11CF-42B3-B53E-DDE6D23EFDC6} = {699D8A8D-0240-4FFA-838D-F2F4565E0654}
		{3772A735-0353-433A-A8A2-EB45C84F9139} = {480B0BF9-11CF-42B3-B53E-DDE6D23EFDC6}
		{906E914F-EB63-4B12-9F07-00A727472080} = {480B0BF9-11CF-42B3-B53E-DDE6D23EFDC6}
		{DFAABD95-D93E-4ADE-85ED-E75989E95419} = {480B0BF9-11CF-42B3-B53E-DDE6D23EFDC6}
		{FD6569BA-9760-436F-8A03-6570BC25F2E4} = {480B0BF9-11CF-42B3-B53E-DDE6D23EFDC6}
		{E5114613-E9F3-42F5-BBD7-2C6606A36BE2} = {480B0BF9-11CF-42B3-B53E-DDE6D23EFDC6}
		{274D5705-B0A2-4629-8BCF-03ED96A7C9D0} = {480B0BF9-11CF-42B3-B53E-DDE6D23EFDC6}
		{60778B7D-0909-46D2-896F-8805097224A3} = {699D8A8D-0240-4FFA-838D-F2F4565E0654}
		{9DCF328B-47FD-4E70-8617-2256EF09FF62} = {699D8A8D-0240-4FFA-838D-F2F4565E0654}
		{4759F797-EA05-4642-832A-A8BB580C577B} = {0D04860E-B7C5-44AE-A748-9A875169AA35}
		{B4A295E7-D249-4F0E-AADC-C009693CF0C5} = {0D04860E-B7C5-44AE-A748-9A875169AA35}
	EndGlobalSection
	GlobalSection(ExtensibilityGlobals) = postSolution
		SolutionGuid = {1E938D9B-3F97-43B8-8F36-848D2AC1880A}
	EndGlobalSection
EndGlobal
